// !$*UTF8*$!
{
	archiveVersion = 1;
	classes = {
	};
	objectVersion = 50;
	objects = {

/* Begin PBXBuildFile section */
		72DE88E62656584800AC25B4 /* ChangePasswordPresenter.swift in Sources */ = {isa = PBXBuildFile; fileRef = 72DE88E32656584800AC25B4 /* ChangePasswordPresenter.swift */; };
		72DE88E72656584800AC25B4 /* ChangePasswordViewController.swift in Sources */ = {isa = PBXBuildFile; fileRef = 72DE88E42656584800AC25B4 /* ChangePasswordViewController.swift */; };
		72DE88E82656584800AC25B4 /* ChangePasswordViewController.xib in Resources */ = {isa = PBXBuildFile; fileRef = 72DE88E52656584800AC25B4 /* ChangePasswordViewController.xib */; };
		72F5B9C12655F85300144253 /* AppDelegate.swift in Sources */ = {isa = PBXBuildFile; fileRef = 72F5B9C02655F85300144253 /* AppDelegate.swift */; };
		72F5B9C32655F85300144253 /* SceneDelegate.swift in Sources */ = {isa = PBXBuildFile; fileRef = 72F5B9C22655F85300144253 /* SceneDelegate.swift */; };
		72F5B9C52655F85300144253 /* ViewController.swift in Sources */ = {isa = PBXBuildFile; fileRef = 72F5B9C42655F85300144253 /* ViewController.swift */; };
		72F5B9CB2655F85300144253 /* Hu_Te.xcdatamodeld in Sources */ = {isa = PBXBuildFile; fileRef = 72F5B9C92655F85300144253 /* Hu_Te.xcdatamodeld */; };
		72F5B9CD2655F85600144253 /* Assets.xcassets in Resources */ = {isa = PBXBuildFile; fileRef = 72F5B9CC2655F85600144253 /* Assets.xcassets */; };
		72F5B9D02655F85600144253 /* LaunchScreen.storyboard in Resources */ = {isa = PBXBuildFile; fileRef = 72F5B9CE2655F85600144253 /* LaunchScreen.storyboard */; };
		72F5B9E02655F95E00144253 /* RegisterPresenter.swift in Sources */ = {isa = PBXBuildFile; fileRef = 72F5B9DD2655F95E00144253 /* RegisterPresenter.swift */; };
		72F5B9E12655F95E00144253 /* RegisterViewController.swift in Sources */ = {isa = PBXBuildFile; fileRef = 72F5B9DE2655F95E00144253 /* RegisterViewController.swift */; };
		72F5B9E22655F95E00144253 /* RegisterViewController.xib in Resources */ = {isa = PBXBuildFile; fileRef = 72F5B9DF2655F95E00144253 /* RegisterViewController.xib */; };
		72F5B9E72655F96F00144253 /* LoginPresenter.swift in Sources */ = {isa = PBXBuildFile; fileRef = 72F5B9E42655F96F00144253 /* LoginPresenter.swift */; };
		72F5B9E82655F96F00144253 /* LoginViewController.swift in Sources */ = {isa = PBXBuildFile; fileRef = 72F5B9E52655F96F00144253 /* LoginViewController.swift */; };
		72F5B9E92655F96F00144253 /* LoginViewController.xib in Resources */ = {isa = PBXBuildFile; fileRef = 72F5B9E62655F96F00144253 /* LoginViewController.xib */; };
		72F5B9EF2655F9CF00144253 /* HomePresenter.swift in Sources */ = {isa = PBXBuildFile; fileRef = 72F5B9EC2655F9CF00144253 /* HomePresenter.swift */; };
		72F5B9F02655F9CF00144253 /* HomeViewController.swift in Sources */ = {isa = PBXBuildFile; fileRef = 72F5B9ED2655F9CF00144253 /* HomeViewController.swift */; };
		72F5B9F12655F9CF00144253 /* HomeViewController.xib in Resources */ = {isa = PBXBuildFile; fileRef = 72F5B9EE2655F9CF00144253 /* HomeViewController.xib */; };
		72F5B9F72655FA0300144253 /* ProfilePresenter.swift in Sources */ = {isa = PBXBuildFile; fileRef = 72F5B9F42655FA0300144253 /* ProfilePresenter.swift */; };
		72F5B9F82655FA0300144253 /* ProfileViewController.swift in Sources */ = {isa = PBXBuildFile; fileRef = 72F5B9F52655FA0300144253 /* ProfileViewController.swift */; };
		72F5B9F92655FA0300144253 /* ProfileViewController.xib in Resources */ = {isa = PBXBuildFile; fileRef = 72F5B9F62655FA0300144253 /* ProfileViewController.xib */; };
		72F5BA012655FC0F00144253 /* Sarala-Regular.ttf in Resources */ = {isa = PBXBuildFile; fileRef = 72F5B9FF2655FC0F00144253 /* Sarala-Regular.ttf */; };
		72F5BA022655FC0F00144253 /* Sarala-Bold.ttf in Resources */ = {isa = PBXBuildFile; fileRef = 72F5BA002655FC0F00144253 /* Sarala-Bold.ttf */; };
		72F5BA062655FC8300144253 /* UIView+extension.swift in Sources */ = {isa = PBXBuildFile; fileRef = 72F5BA052655FC8300144253 /* UIView+extension.swift */; };
		72F5BA0A2655FC9600144253 /* UITableView+extension.swift in Sources */ = {isa = PBXBuildFile; fileRef = 72F5BA092655FC9600144253 /* UITableView+extension.swift */; };
		72F5BA0D2655FCA900144253 /* UICollectionView+extension.swift in Sources */ = {isa = PBXBuildFile; fileRef = 72F5BA0C2655FCA900144253 /* UICollectionView+extension.swift */; };
		72F5BA102655FCB700144253 /* UIScreen+extension.swift in Sources */ = {isa = PBXBuildFile; fileRef = 72F5BA0F2655FCB700144253 /* UIScreen+extension.swift */; };
		72F5BA142655FD1A00144253 /* BaseViewXib.swift in Sources */ = {isa = PBXBuildFile; fileRef = 72F5BA132655FD1A00144253 /* BaseViewXib.swift */; };
		72F5BA172655FDE000144253 /* BaseViewController.swift in Sources */ = {isa = PBXBuildFile; fileRef = 72F5BA162655FDE000144253 /* BaseViewController.swift */; };
		72F5BA1C2655FFE100144253 /* NavigationView.swift in Sources */ = {isa = PBXBuildFile; fileRef = 72F5BA1B2655FFE100144253 /* NavigationView.swift */; };
		72F5BA202655FFEF00144253 /* NavigationView.xib in Resources */ = {isa = PBXBuildFile; fileRef = 72F5BA1F2655FFEF00144253 /* NavigationView.xib */; };
		72F5BA232656000600144253 /* InputView.swift in Sources */ = {isa = PBXBuildFile; fileRef = 72F5BA222656000600144253 /* InputView.swift */; };
		72F5BA262656001200144253 /* InputView.xib in Resources */ = {isa = PBXBuildFile; fileRef = 72F5BA252656001200144253 /* InputView.xib */; };
		F16E2696D081F7EB2899EB04 /* Pods_Hu_Te.framework in Frameworks */ = {isa = PBXBuildFile; fileRef = C22C1FA4F6DE541818B18AB4 /* Pods_Hu_Te.framework */; };
		84DFE7E12656446000E97117 /* SettingViewController.swift in Sources */ = {isa = PBXBuildFile; fileRef = 84DFE7DF2656446000E97117 /* SettingViewController.swift */; };
		84DFE7E22656446000E97117 /* SettingViewController.xib in Resources */ = {isa = PBXBuildFile; fileRef = 84DFE7E02656446000E97117 /* SettingViewController.xib */; };
		84DFE7E42656449900E97117 /* SettingPresenter.swift in Sources */ = {isa = PBXBuildFile; fileRef = 84DFE7E32656449900E97117 /* SettingPresenter.swift */; };
		84DFE7E92656470800E97117 /* LimitationCell.swift in Sources */ = {isa = PBXBuildFile; fileRef = 84DFE7E72656470800E97117 /* LimitationCell.swift */; };
		84DFE7EA2656470800E97117 /* LimitationCell.xib in Resources */ = {isa = PBXBuildFile; fileRef = 84DFE7E82656470800E97117 /* LimitationCell.xib */; };
		84DFE81926564D6100E97117 /* NormalHeaderView.swift in Sources */ = {isa = PBXBuildFile; fileRef = 84DFE81826564D6100E97117 /* NormalHeaderView.swift */; };
		84DFE81C26564DF600E97117 /* NormalHeaderView.xib in Resources */ = {isa = PBXBuildFile; fileRef = 84DFE81B26564DF600E97117 /* NormalHeaderView.xib */; };
		84DFE8212656559000E97117 /* SpeakerCell.swift in Sources */ = {isa = PBXBuildFile; fileRef = 84DFE81F2656559000E97117 /* SpeakerCell.swift */; };
		84DFE8222656559000E97117 /* SpeakerCell.xib in Resources */ = {isa = PBXBuildFile; fileRef = 84DFE8202656559000E97117 /* SpeakerCell.xib */; };
/* End PBXBuildFile section */

/* Begin PBXFileReference section */
		3AA0EDCEFC0B87A059A40BB1 /* Pods-Hu&Te.debug.xcconfig */ = {isa = PBXFileReference; includeInIndex = 1; lastKnownFileType = text.xcconfig; name = "Pods-Hu&Te.debug.xcconfig"; path = "Target Support Files/Pods-Hu&Te/Pods-Hu&Te.debug.xcconfig"; sourceTree = "<group>"; };
		72DE88E32656584800AC25B4 /* ChangePasswordPresenter.swift */ = {isa = PBXFileReference; lastKnownFileType = sourcecode.swift; path = ChangePasswordPresenter.swift; sourceTree = "<group>"; };
		72DE88E42656584800AC25B4 /* ChangePasswordViewController.swift */ = {isa = PBXFileReference; lastKnownFileType = sourcecode.swift; path = ChangePasswordViewController.swift; sourceTree = "<group>"; };
		72DE88E52656584800AC25B4 /* ChangePasswordViewController.xib */ = {isa = PBXFileReference; lastKnownFileType = file.xib; path = ChangePasswordViewController.xib; sourceTree = "<group>"; };
		72F5B9BD2655F85300144253 /* Hu&Te.app */ = {isa = PBXFileReference; explicitFileType = wrapper.application; includeInIndex = 0; path = "Hu&Te.app"; sourceTree = BUILT_PRODUCTS_DIR; };
		72F5B9C02655F85300144253 /* AppDelegate.swift */ = {isa = PBXFileReference; lastKnownFileType = sourcecode.swift; path = AppDelegate.swift; sourceTree = "<group>"; };
		72F5B9C22655F85300144253 /* SceneDelegate.swift */ = {isa = PBXFileReference; lastKnownFileType = sourcecode.swift; path = SceneDelegate.swift; sourceTree = "<group>"; };
		72F5B9C42655F85300144253 /* ViewController.swift */ = {isa = PBXFileReference; lastKnownFileType = sourcecode.swift; path = ViewController.swift; sourceTree = "<group>"; };
		72F5B9CA2655F85300144253 /* Hu_Te.xcdatamodel */ = {isa = PBXFileReference; lastKnownFileType = wrapper.xcdatamodel; path = Hu_Te.xcdatamodel; sourceTree = "<group>"; };
		72F5B9CC2655F85600144253 /* Assets.xcassets */ = {isa = PBXFileReference; lastKnownFileType = folder.assetcatalog; path = Assets.xcassets; sourceTree = "<group>"; };
		72F5B9CF2655F85600144253 /* Base */ = {isa = PBXFileReference; lastKnownFileType = file.storyboard; name = Base; path = Base.lproj/LaunchScreen.storyboard; sourceTree = "<group>"; };
		72F5B9D12655F85600144253 /* Info.plist */ = {isa = PBXFileReference; lastKnownFileType = text.plist.xml; path = Info.plist; sourceTree = "<group>"; };
		72F5B9DD2655F95E00144253 /* RegisterPresenter.swift */ = {isa = PBXFileReference; lastKnownFileType = sourcecode.swift; path = RegisterPresenter.swift; sourceTree = "<group>"; };
		72F5B9DE2655F95E00144253 /* RegisterViewController.swift */ = {isa = PBXFileReference; lastKnownFileType = sourcecode.swift; path = RegisterViewController.swift; sourceTree = "<group>"; };
		72F5B9DF2655F95E00144253 /* RegisterViewController.xib */ = {isa = PBXFileReference; lastKnownFileType = file.xib; path = RegisterViewController.xib; sourceTree = "<group>"; };
		72F5B9E42655F96F00144253 /* LoginPresenter.swift */ = {isa = PBXFileReference; lastKnownFileType = sourcecode.swift; path = LoginPresenter.swift; sourceTree = "<group>"; };
		72F5B9E52655F96F00144253 /* LoginViewController.swift */ = {isa = PBXFileReference; lastKnownFileType = sourcecode.swift; path = LoginViewController.swift; sourceTree = "<group>"; };
		72F5B9E62655F96F00144253 /* LoginViewController.xib */ = {isa = PBXFileReference; lastKnownFileType = file.xib; path = LoginViewController.xib; sourceTree = "<group>"; };
		72F5B9EC2655F9CF00144253 /* HomePresenter.swift */ = {isa = PBXFileReference; lastKnownFileType = sourcecode.swift; path = HomePresenter.swift; sourceTree = "<group>"; };
		72F5B9ED2655F9CF00144253 /* HomeViewController.swift */ = {isa = PBXFileReference; lastKnownFileType = sourcecode.swift; path = HomeViewController.swift; sourceTree = "<group>"; };
		72F5B9EE2655F9CF00144253 /* HomeViewController.xib */ = {isa = PBXFileReference; lastKnownFileType = file.xib; path = HomeViewController.xib; sourceTree = "<group>"; };
		72F5B9F42655FA0300144253 /* ProfilePresenter.swift */ = {isa = PBXFileReference; lastKnownFileType = sourcecode.swift; path = ProfilePresenter.swift; sourceTree = "<group>"; };
		72F5B9F52655FA0300144253 /* ProfileViewController.swift */ = {isa = PBXFileReference; lastKnownFileType = sourcecode.swift; path = ProfileViewController.swift; sourceTree = "<group>"; };
		72F5B9F62655FA0300144253 /* ProfileViewController.xib */ = {isa = PBXFileReference; lastKnownFileType = file.xib; path = ProfileViewController.xib; sourceTree = "<group>"; };
		72F5B9FF2655FC0F00144253 /* Sarala-Regular.ttf */ = {isa = PBXFileReference; lastKnownFileType = file; path = "Sarala-Regular.ttf"; sourceTree = "<group>"; };
		72F5BA002655FC0F00144253 /* Sarala-Bold.ttf */ = {isa = PBXFileReference; lastKnownFileType = file; path = "Sarala-Bold.ttf"; sourceTree = "<group>"; };
		72F5BA052655FC8300144253 /* UIView+extension.swift */ = {isa = PBXFileReference; lastKnownFileType = sourcecode.swift; path = "UIView+extension.swift"; sourceTree = "<group>"; };
		72F5BA092655FC9600144253 /* UITableView+extension.swift */ = {isa = PBXFileReference; lastKnownFileType = sourcecode.swift; path = "UITableView+extension.swift"; sourceTree = "<group>"; };
		72F5BA0C2655FCA900144253 /* UICollectionView+extension.swift */ = {isa = PBXFileReference; lastKnownFileType = sourcecode.swift; path = "UICollectionView+extension.swift"; sourceTree = "<group>"; };
		72F5BA0F2655FCB700144253 /* UIScreen+extension.swift */ = {isa = PBXFileReference; lastKnownFileType = sourcecode.swift; path = "UIScreen+extension.swift"; sourceTree = "<group>"; };
		72F5BA132655FD1A00144253 /* BaseViewXib.swift */ = {isa = PBXFileReference; lastKnownFileType = sourcecode.swift; path = BaseViewXib.swift; sourceTree = "<group>"; };
		72F5BA162655FDE000144253 /* BaseViewController.swift */ = {isa = PBXFileReference; lastKnownFileType = sourcecode.swift; path = BaseViewController.swift; sourceTree = "<group>"; };
		72F5BA1B2655FFE100144253 /* NavigationView.swift */ = {isa = PBXFileReference; lastKnownFileType = sourcecode.swift; path = NavigationView.swift; sourceTree = "<group>"; };
		72F5BA1F2655FFEF00144253 /* NavigationView.xib */ = {isa = PBXFileReference; lastKnownFileType = file.xib; path = NavigationView.xib; sourceTree = "<group>"; };
		72F5BA222656000600144253 /* InputView.swift */ = {isa = PBXFileReference; lastKnownFileType = sourcecode.swift; path = InputView.swift; sourceTree = "<group>"; };
		72F5BA252656001200144253 /* InputView.xib */ = {isa = PBXFileReference; lastKnownFileType = file.xib; path = InputView.xib; sourceTree = "<group>"; };
		C22C1FA4F6DE541818B18AB4 /* Pods_Hu_Te.framework */ = {isa = PBXFileReference; explicitFileType = wrapper.framework; includeInIndex = 0; path = Pods_Hu_Te.framework; sourceTree = BUILT_PRODUCTS_DIR; };
		D26DC471F5DF7326C780CA90 /* Pods-Hu&Te.release.xcconfig */ = {isa = PBXFileReference; includeInIndex = 1; lastKnownFileType = text.xcconfig; name = "Pods-Hu&Te.release.xcconfig"; path = "Target Support Files/Pods-Hu&Te/Pods-Hu&Te.release.xcconfig"; sourceTree = "<group>"; };
		84DFE7DF2656446000E97117 /* SettingViewController.swift */ = {isa = PBXFileReference; lastKnownFileType = sourcecode.swift; path = SettingViewController.swift; sourceTree = "<group>"; };
		84DFE7E02656446000E97117 /* SettingViewController.xib */ = {isa = PBXFileReference; lastKnownFileType = file.xib; path = SettingViewController.xib; sourceTree = "<group>"; };
		84DFE7E32656449900E97117 /* SettingPresenter.swift */ = {isa = PBXFileReference; lastKnownFileType = sourcecode.swift; path = SettingPresenter.swift; sourceTree = "<group>"; };
		84DFE7E72656470800E97117 /* LimitationCell.swift */ = {isa = PBXFileReference; lastKnownFileType = sourcecode.swift; path = LimitationCell.swift; sourceTree = "<group>"; };
		84DFE7E82656470800E97117 /* LimitationCell.xib */ = {isa = PBXFileReference; lastKnownFileType = file.xib; path = LimitationCell.xib; sourceTree = "<group>"; };
		84DFE81826564D6100E97117 /* NormalHeaderView.swift */ = {isa = PBXFileReference; lastKnownFileType = sourcecode.swift; path = NormalHeaderView.swift; sourceTree = "<group>"; };
		84DFE81B26564DF600E97117 /* NormalHeaderView.xib */ = {isa = PBXFileReference; lastKnownFileType = file.xib; path = NormalHeaderView.xib; sourceTree = "<group>"; };
		84DFE81F2656559000E97117 /* SpeakerCell.swift */ = {isa = PBXFileReference; lastKnownFileType = sourcecode.swift; path = SpeakerCell.swift; sourceTree = "<group>"; };
		84DFE8202656559000E97117 /* SpeakerCell.xib */ = {isa = PBXFileReference; lastKnownFileType = file.xib; path = SpeakerCell.xib; sourceTree = "<group>"; };
/* End PBXFileReference section */

/* Begin PBXFrameworksBuildPhase section */
		72F5B9BA2655F85300144253 /* Frameworks */ = {
			isa = PBXFrameworksBuildPhase;
			buildActionMask = 2147483647;
			files = (
				F16E2696D081F7EB2899EB04 /* Pods_Hu_Te.framework in Frameworks */,
			);
			runOnlyForDeploymentPostprocessing = 0;
		};
/* End PBXFrameworksBuildPhase section */

/* Begin PBXGroup section */
		72DE88E22656582C00AC25B4 /* Change Password */ = {
			isa = PBXGroup;
			children = (
				72DE88E32656584800AC25B4 /* ChangePasswordPresenter.swift */,
				72DE88E42656584800AC25B4 /* ChangePasswordViewController.swift */,
				72DE88E52656584800AC25B4 /* ChangePasswordViewController.xib */,
			);
			path = "Change Password";
			sourceTree = "<group>";
		};
		72F5B9B42655F85200144253 = {
			isa = PBXGroup;
			children = (
				72F5B9BF2655F85300144253 /* Hu&Te */,
				72F5B9BE2655F85300144253 /* Products */,
				B5E11B2E294F7C4B56E48F5A /* Pods */,
				EC38A468D41CD65A079707BA /* Frameworks */,
			);
			sourceTree = "<group>";
		};
		72F5B9BE2655F85300144253 /* Products */ = {
			isa = PBXGroup;
			children = (
				72F5B9BD2655F85300144253 /* Hu&Te.app */,
			);
			name = Products;
			sourceTree = "<group>";
		};
		72F5B9BF2655F85300144253 /* Hu&Te */ = {
			isa = PBXGroup;
			children = (
				72F5B9FE2655FBD600144253 /* App Constraint */,
				72F5B9FC2655FBBF00144253 /* App Custom */,
				72F5B9D92655F89300144253 /* Modules */,
				72F5B9C02655F85300144253 /* AppDelegate.swift */,
				72F5B9C22655F85300144253 /* SceneDelegate.swift */,
				72F5B9C42655F85300144253 /* ViewController.swift */,
				72F5B9CC2655F85600144253 /* Assets.xcassets */,
				72F5B9CE2655F85600144253 /* LaunchScreen.storyboard */,
				72F5B9D12655F85600144253 /* Info.plist */,
				72F5B9C92655F85300144253 /* Hu_Te.xcdatamodeld */,
			);
			path = "Hu&Te";
			sourceTree = "<group>";
		};
		72F5B9D92655F89300144253 /* Modules */ = {
			isa = PBXGroup;
			children = (
				84DFE7DE2656443200E97117 /* Setting */,
				72F5B9F32655F9E100144253 /* Profile */,
				72F5B9EB2655F9C000144253 /* Home */,
				72F5B9DA2655F8EC00144253 /* Authen */,
			);
			path = Modules;
			sourceTree = "<group>";
		};
		72F5B9DA2655F8EC00144253 /* Authen */ = {
			isa = PBXGroup;
			children = (
				72F5B9DC2655F90300144253 /* Register */,
				72F5B9DB2655F8F600144253 /* Login */,
			);
			path = Authen;
			sourceTree = "<group>";
		};
		72F5B9DB2655F8F600144253 /* Login */ = {
			isa = PBXGroup;
			children = (
				72F5B9E42655F96F00144253 /* LoginPresenter.swift */,
				72F5B9E52655F96F00144253 /* LoginViewController.swift */,
				72F5B9E62655F96F00144253 /* LoginViewController.xib */,
			);
			path = Login;
			sourceTree = "<group>";
		};
		72F5B9DC2655F90300144253 /* Register */ = {
			isa = PBXGroup;
			children = (
				72F5B9DD2655F95E00144253 /* RegisterPresenter.swift */,
				72F5B9DE2655F95E00144253 /* RegisterViewController.swift */,
				72F5B9DF2655F95E00144253 /* RegisterViewController.xib */,
			);
			path = Register;
			sourceTree = "<group>";
		};
		72F5B9EB2655F9C000144253 /* Home */ = {
			isa = PBXGroup;
			children = (
				72F5B9EC2655F9CF00144253 /* HomePresenter.swift */,
				72F5B9ED2655F9CF00144253 /* HomeViewController.swift */,
				72F5B9EE2655F9CF00144253 /* HomeViewController.xib */,
			);
			path = Home;
			sourceTree = "<group>";
		};
		72F5B9F32655F9E100144253 /* Profile */ = {
			isa = PBXGroup;
			children = (
				72DE88E22656582C00AC25B4 /* Change Password */,
				72F5B9F42655FA0300144253 /* ProfilePresenter.swift */,
				72F5B9F52655FA0300144253 /* ProfileViewController.swift */,
				72F5B9F62655FA0300144253 /* ProfileViewController.xib */,
			);
			path = Profile;
			sourceTree = "<group>";
		};
		72F5B9FC2655FBBF00144253 /* App Custom */ = {
			isa = PBXGroup;
			children = (
				72F5BA122655FD0C00144253 /* Base */,
				72F5BA042655FC6300144253 /* Extension */,
				72F5B9FD2655FBCA00144253 /* View */,
			);
			path = "App Custom";
			sourceTree = "<group>";
		};
		72F5B9FD2655FBCA00144253 /* View */ = {
			isa = PBXGroup;
			children = (
				72F5BA1A2655FFC600144253 /* Text Field */,
				72F5BA192655FFBB00144253 /* Navigation */,
			);
			path = View;
			sourceTree = "<group>";
		};
		72F5B9FE2655FBD600144253 /* App Constraint */ = {
			isa = PBXGroup;
			children = (
				72F5BA002655FC0F00144253 /* Sarala-Bold.ttf */,
				72F5B9FF2655FC0F00144253 /* Sarala-Regular.ttf */,
			);
			path = "App Constraint";
			sourceTree = "<group>";
		};
		72F5BA042655FC6300144253 /* Extension */ = {
			isa = PBXGroup;
			children = (
				72F5BA052655FC8300144253 /* UIView+extension.swift */,
				72F5BA092655FC9600144253 /* UITableView+extension.swift */,
				72F5BA0C2655FCA900144253 /* UICollectionView+extension.swift */,
				72F5BA0F2655FCB700144253 /* UIScreen+extension.swift */,
			);
			path = Extension;
			sourceTree = "<group>";
		};
		72F5BA122655FD0C00144253 /* Base */ = {
			isa = PBXGroup;
			children = (
				72F5BA132655FD1A00144253 /* BaseViewXib.swift */,
				72F5BA162655FDE000144253 /* BaseViewController.swift */,
			);
			path = Base;
			sourceTree = "<group>";
		};
		72F5BA192655FFBB00144253 /* Navigation */ = {
			isa = PBXGroup;
			children = (
				72F5BA1B2655FFE100144253 /* NavigationView.swift */,
				72F5BA1F2655FFEF00144253 /* NavigationView.xib */,
			);
			path = Navigation;
			sourceTree = "<group>";
		};
		72F5BA1A2655FFC600144253 /* Text Field */ = {
			isa = PBXGroup;
			children = (
				72F5BA222656000600144253 /* InputView.swift */,
				72F5BA252656001200144253 /* InputView.xib */,
			);
			path = "Text Field";
			sourceTree = "<group>";
		};
		B5E11B2E294F7C4B56E48F5A /* Pods */ = {
			isa = PBXGroup;
			children = (
				3AA0EDCEFC0B87A059A40BB1 /* Pods-Hu&Te.debug.xcconfig */,
				D26DC471F5DF7326C780CA90 /* Pods-Hu&Te.release.xcconfig */,
			);
			name = Pods;
			path = Pods;
			sourceTree = "<group>";
		};
		EC38A468D41CD65A079707BA /* Frameworks */ = {
			isa = PBXGroup;
			children = (
				C22C1FA4F6DE541818B18AB4 /* Pods_Hu_Te.framework */,
			);
			name = Frameworks;
		84DFE7DE2656443200E97117 /* Setting */ = {
			isa = PBXGroup;
			children = (
				84DFE81E2656556C00E97117 /* SpeakerCell */,
				84DFE81726564CDA00E97117 /* HeaderCell */,
				84DFE7E6265646CB00E97117 /* LimitationCell */,
				84DFE7DF2656446000E97117 /* SettingViewController.swift */,
				84DFE7E02656446000E97117 /* SettingViewController.xib */,
				84DFE7E32656449900E97117 /* SettingPresenter.swift */,
			);
			path = Setting;
			sourceTree = "<group>";
		};
		84DFE7E6265646CB00E97117 /* LimitationCell */ = {
			isa = PBXGroup;
			children = (
				84DFE7E72656470800E97117 /* LimitationCell.swift */,
				84DFE7E82656470800E97117 /* LimitationCell.xib */,
			);
			path = LimitationCell;
			sourceTree = "<group>";
		};
		84DFE81726564CDA00E97117 /* HeaderCell */ = {
			isa = PBXGroup;
			children = (
				84DFE81826564D6100E97117 /* NormalHeaderView.swift */,
				84DFE81B26564DF600E97117 /* NormalHeaderView.xib */,
			);
			path = HeaderCell;
			sourceTree = "<group>";
		};
		84DFE81E2656556C00E97117 /* SpeakerCell */ = {
			isa = PBXGroup;
			children = (
				84DFE81F2656559000E97117 /* SpeakerCell.swift */,
				84DFE8202656559000E97117 /* SpeakerCell.xib */,
			);
			path = SpeakerCell;
			sourceTree = "<group>";
		};
/* End PBXGroup section */

/* Begin PBXNativeTarget section */
		72F5B9BC2655F85300144253 /* Hu&Te */ = {
			isa = PBXNativeTarget;
			buildConfigurationList = 72F5B9D42655F85600144253 /* Build configuration list for PBXNativeTarget "Hu&Te" */;
			buildPhases = (
				D7B899FA5A72C3826CC3AC15 /* [CP] Check Pods Manifest.lock */,
				72F5B9B92655F85300144253 /* Sources */,
				72F5B9BA2655F85300144253 /* Frameworks */,
				72F5B9BB2655F85300144253 /* Resources */,
				B6059CBE0D9AC298E1D6E9D4 /* [CP] Embed Pods Frameworks */,
			);
			buildRules = (
			);
			dependencies = (
			);
			name = "Hu&Te";
			productName = "Hu&Te";
			productReference = 72F5B9BD2655F85300144253 /* Hu&Te.app */;
			productType = "com.apple.product-type.application";
		};
/* End PBXNativeTarget section */

/* Begin PBXProject section */
		72F5B9B52655F85300144253 /* Project object */ = {
			isa = PBXProject;
			attributes = {
				LastSwiftUpdateCheck = 1240;
				LastUpgradeCheck = 1240;
				TargetAttributes = {
					72F5B9BC2655F85300144253 = {
						CreatedOnToolsVersion = 12.4;
					};
				};
			};
			buildConfigurationList = 72F5B9B82655F85300144253 /* Build configuration list for PBXProject "Hu&Te" */;
			compatibilityVersion = "Xcode 9.3";
			developmentRegion = en;
			hasScannedForEncodings = 0;
			knownRegions = (
				en,
				Base,
			);
			mainGroup = 72F5B9B42655F85200144253;
			productRefGroup = 72F5B9BE2655F85300144253 /* Products */;
			projectDirPath = "";
			projectRoot = "";
			targets = (
				72F5B9BC2655F85300144253 /* Hu&Te */,
			);
		};
/* End PBXProject section */

/* Begin PBXResourcesBuildPhase section */
		72F5B9BB2655F85300144253 /* Resources */ = {
			isa = PBXResourcesBuildPhase;
			buildActionMask = 2147483647;
			files = (
				72F5B9F92655FA0300144253 /* ProfileViewController.xib in Resources */,
				72F5B9E92655F96F00144253 /* LoginViewController.xib in Resources */,
				72F5B9D02655F85600144253 /* LaunchScreen.storyboard in Resources */,
				72DE88E82656584800AC25B4 /* ChangePasswordViewController.xib in Resources */,
				72F5B9F12655F9CF00144253 /* HomeViewController.xib in Resources */,
				72F5BA012655FC0F00144253 /* Sarala-Regular.ttf in Resources */,
				84DFE8222656559000E97117 /* SpeakerCell.xib in Resources */,
				84DFE7EA2656470800E97117 /* LimitationCell.xib in Resources */,
				72F5BA022655FC0F00144253 /* Sarala-Bold.ttf in Resources */,
				72F5B9CD2655F85600144253 /* Assets.xcassets in Resources */,
				84DFE81C26564DF600E97117 /* NormalHeaderView.xib in Resources */,
				84DFE7E22656446000E97117 /* SettingViewController.xib in Resources */,
				72F5B9E22655F95E00144253 /* RegisterViewController.xib in Resources */,
				72F5BA202655FFEF00144253 /* NavigationView.xib in Resources */,
				72F5BA262656001200144253 /* InputView.xib in Resources */,
			);
			runOnlyForDeploymentPostprocessing = 0;
		};
/* End PBXResourcesBuildPhase section */

/* Begin PBXShellScriptBuildPhase section */
		B6059CBE0D9AC298E1D6E9D4 /* [CP] Embed Pods Frameworks */ = {
			isa = PBXShellScriptBuildPhase;
			buildActionMask = 2147483647;
			files = (
			);
			inputFileListPaths = (
				"${PODS_ROOT}/Target Support Files/Pods-Hu&Te/Pods-Hu&Te-frameworks-${CONFIGURATION}-input-files.xcfilelist",
			);
			name = "[CP] Embed Pods Frameworks";
			outputFileListPaths = (
				"${PODS_ROOT}/Target Support Files/Pods-Hu&Te/Pods-Hu&Te-frameworks-${CONFIGURATION}-output-files.xcfilelist",
			);
			runOnlyForDeploymentPostprocessing = 0;
			shellPath = /bin/sh;
			shellScript = "\"${PODS_ROOT}/Target Support Files/Pods-Hu&Te/Pods-Hu&Te-frameworks.sh\"\n";
			showEnvVarsInLog = 0;
		};
		D7B899FA5A72C3826CC3AC15 /* [CP] Check Pods Manifest.lock */ = {
			isa = PBXShellScriptBuildPhase;
			buildActionMask = 2147483647;
			files = (
			);
			inputFileListPaths = (
			);
			inputPaths = (
				"${PODS_PODFILE_DIR_PATH}/Podfile.lock",
				"${PODS_ROOT}/Manifest.lock",
			);
			name = "[CP] Check Pods Manifest.lock";
			outputFileListPaths = (
			);
			outputPaths = (
				"$(DERIVED_FILE_DIR)/Pods-Hu&Te-checkManifestLockResult.txt",
			);
			runOnlyForDeploymentPostprocessing = 0;
			shellPath = /bin/sh;
			shellScript = "diff \"${PODS_PODFILE_DIR_PATH}/Podfile.lock\" \"${PODS_ROOT}/Manifest.lock\" > /dev/null\nif [ $? != 0 ] ; then\n    # print error to STDERR\n    echo \"error: The sandbox is not in sync with the Podfile.lock. Run 'pod install' or update your CocoaPods installation.\" >&2\n    exit 1\nfi\n# This output is used by Xcode 'outputs' to avoid re-running this script phase.\necho \"SUCCESS\" > \"${SCRIPT_OUTPUT_FILE_0}\"\n";
			showEnvVarsInLog = 0;
		};
/* End PBXShellScriptBuildPhase section */

/* Begin PBXSourcesBuildPhase section */
		72F5B9B92655F85300144253 /* Sources */ = {
			isa = PBXSourcesBuildPhase;
			buildActionMask = 2147483647;
			files = (
				72F5BA1C2655FFE100144253 /* NavigationView.swift in Sources */,
				72F5B9F72655FA0300144253 /* ProfilePresenter.swift in Sources */,
				72F5BA142655FD1A00144253 /* BaseViewXib.swift in Sources */,
				72F5B9E02655F95E00144253 /* RegisterPresenter.swift in Sources */,
				84DFE7E92656470800E97117 /* LimitationCell.swift in Sources */,
				84DFE8212656559000E97117 /* SpeakerCell.swift in Sources */,
				72F5B9C52655F85300144253 /* ViewController.swift in Sources */,
				84DFE7E12656446000E97117 /* SettingViewController.swift in Sources */,
				72F5B9E72655F96F00144253 /* LoginPresenter.swift in Sources */,
				72DE88E62656584800AC25B4 /* ChangePasswordPresenter.swift in Sources */,
				72F5BA172655FDE000144253 /* BaseViewController.swift in Sources */,
				72F5BA062655FC8300144253 /* UIView+extension.swift in Sources */,
				72F5BA0D2655FCA900144253 /* UICollectionView+extension.swift in Sources */,
				72F5BA0A2655FC9600144253 /* UITableView+extension.swift in Sources */,
				72DE88E72656584800AC25B4 /* ChangePasswordViewController.swift in Sources */,
				72F5B9C12655F85300144253 /* AppDelegate.swift in Sources */,
				72F5B9E82655F96F00144253 /* LoginViewController.swift in Sources */,
				84DFE81926564D6100E97117 /* NormalHeaderView.swift in Sources */,
				72F5BA102655FCB700144253 /* UIScreen+extension.swift in Sources */,
				72F5B9F82655FA0300144253 /* ProfileViewController.swift in Sources */,
				72F5B9F02655F9CF00144253 /* HomeViewController.swift in Sources */,
				72F5B9E12655F95E00144253 /* RegisterViewController.swift in Sources */,
				84DFE7E42656449900E97117 /* SettingPresenter.swift in Sources */,
				72F5B9EF2655F9CF00144253 /* HomePresenter.swift in Sources */,
				72F5BA232656000600144253 /* InputView.swift in Sources */,
				72F5B9C32655F85300144253 /* SceneDelegate.swift in Sources */,
				72F5B9CB2655F85300144253 /* Hu_Te.xcdatamodeld in Sources */,
			);
			runOnlyForDeploymentPostprocessing = 0;
		};
/* End PBXSourcesBuildPhase section */

/* Begin PBXVariantGroup section */
		72F5B9CE2655F85600144253 /* LaunchScreen.storyboard */ = {
			isa = PBXVariantGroup;
			children = (
				72F5B9CF2655F85600144253 /* Base */,
			);
			name = LaunchScreen.storyboard;
			sourceTree = "<group>";
		};
/* End PBXVariantGroup section */

/* Begin XCBuildConfiguration section */
		72F5B9D22655F85600144253 /* Debug */ = {
			isa = XCBuildConfiguration;
			buildSettings = {
				ALWAYS_SEARCH_USER_PATHS = NO;
				CLANG_ANALYZER_NONNULL = YES;
				CLANG_ANALYZER_NUMBER_OBJECT_CONVERSION = YES_AGGRESSIVE;
				CLANG_CXX_LANGUAGE_STANDARD = "gnu++14";
				CLANG_CXX_LIBRARY = "libc++";
				CLANG_ENABLE_MODULES = YES;
				CLANG_ENABLE_OBJC_ARC = YES;
				CLANG_ENABLE_OBJC_WEAK = YES;
				CLANG_WARN_BLOCK_CAPTURE_AUTORELEASING = YES;
				CLANG_WARN_BOOL_CONVERSION = YES;
				CLANG_WARN_COMMA = YES;
				CLANG_WARN_CONSTANT_CONVERSION = YES;
				CLANG_WARN_DEPRECATED_OBJC_IMPLEMENTATIONS = YES;
				CLANG_WARN_DIRECT_OBJC_ISA_USAGE = YES_ERROR;
				CLANG_WARN_DOCUMENTATION_COMMENTS = YES;
				CLANG_WARN_EMPTY_BODY = YES;
				CLANG_WARN_ENUM_CONVERSION = YES;
				CLANG_WARN_INFINITE_RECURSION = YES;
				CLANG_WARN_INT_CONVERSION = YES;
				CLANG_WARN_NON_LITERAL_NULL_CONVERSION = YES;
				CLANG_WARN_OBJC_IMPLICIT_RETAIN_SELF = YES;
				CLANG_WARN_OBJC_LITERAL_CONVERSION = YES;
				CLANG_WARN_OBJC_ROOT_CLASS = YES_ERROR;
				CLANG_WARN_QUOTED_INCLUDE_IN_FRAMEWORK_HEADER = YES;
				CLANG_WARN_RANGE_LOOP_ANALYSIS = YES;
				CLANG_WARN_STRICT_PROTOTYPES = YES;
				CLANG_WARN_SUSPICIOUS_MOVE = YES;
				CLANG_WARN_UNGUARDED_AVAILABILITY = YES_AGGRESSIVE;
				CLANG_WARN_UNREACHABLE_CODE = YES;
				CLANG_WARN__DUPLICATE_METHOD_MATCH = YES;
				COPY_PHASE_STRIP = NO;
				DEBUG_INFORMATION_FORMAT = dwarf;
				ENABLE_STRICT_OBJC_MSGSEND = YES;
				ENABLE_TESTABILITY = YES;
				GCC_C_LANGUAGE_STANDARD = gnu11;
				GCC_DYNAMIC_NO_PIC = NO;
				GCC_NO_COMMON_BLOCKS = YES;
				GCC_OPTIMIZATION_LEVEL = 0;
				GCC_PREPROCESSOR_DEFINITIONS = (
					"DEBUG=1",
					"$(inherited)",
				);
				GCC_WARN_64_TO_32_BIT_CONVERSION = YES;
				GCC_WARN_ABOUT_RETURN_TYPE = YES_ERROR;
				GCC_WARN_UNDECLARED_SELECTOR = YES;
				GCC_WARN_UNINITIALIZED_AUTOS = YES_AGGRESSIVE;
				GCC_WARN_UNUSED_FUNCTION = YES;
				GCC_WARN_UNUSED_VARIABLE = YES;
				IPHONEOS_DEPLOYMENT_TARGET = 14.4;
				MTL_ENABLE_DEBUG_INFO = INCLUDE_SOURCE;
				MTL_FAST_MATH = YES;
				ONLY_ACTIVE_ARCH = YES;
				SDKROOT = iphoneos;
				SWIFT_ACTIVE_COMPILATION_CONDITIONS = DEBUG;
				SWIFT_OPTIMIZATION_LEVEL = "-Onone";
			};
			name = Debug;
		};
		72F5B9D32655F85600144253 /* Release */ = {
			isa = XCBuildConfiguration;
			buildSettings = {
				ALWAYS_SEARCH_USER_PATHS = NO;
				CLANG_ANALYZER_NONNULL = YES;
				CLANG_ANALYZER_NUMBER_OBJECT_CONVERSION = YES_AGGRESSIVE;
				CLANG_CXX_LANGUAGE_STANDARD = "gnu++14";
				CLANG_CXX_LIBRARY = "libc++";
				CLANG_ENABLE_MODULES = YES;
				CLANG_ENABLE_OBJC_ARC = YES;
				CLANG_ENABLE_OBJC_WEAK = YES;
				CLANG_WARN_BLOCK_CAPTURE_AUTORELEASING = YES;
				CLANG_WARN_BOOL_CONVERSION = YES;
				CLANG_WARN_COMMA = YES;
				CLANG_WARN_CONSTANT_CONVERSION = YES;
				CLANG_WARN_DEPRECATED_OBJC_IMPLEMENTATIONS = YES;
				CLANG_WARN_DIRECT_OBJC_ISA_USAGE = YES_ERROR;
				CLANG_WARN_DOCUMENTATION_COMMENTS = YES;
				CLANG_WARN_EMPTY_BODY = YES;
				CLANG_WARN_ENUM_CONVERSION = YES;
				CLANG_WARN_INFINITE_RECURSION = YES;
				CLANG_WARN_INT_CONVERSION = YES;
				CLANG_WARN_NON_LITERAL_NULL_CONVERSION = YES;
				CLANG_WARN_OBJC_IMPLICIT_RETAIN_SELF = YES;
				CLANG_WARN_OBJC_LITERAL_CONVERSION = YES;
				CLANG_WARN_OBJC_ROOT_CLASS = YES_ERROR;
				CLANG_WARN_QUOTED_INCLUDE_IN_FRAMEWORK_HEADER = YES;
				CLANG_WARN_RANGE_LOOP_ANALYSIS = YES;
				CLANG_WARN_STRICT_PROTOTYPES = YES;
				CLANG_WARN_SUSPICIOUS_MOVE = YES;
				CLANG_WARN_UNGUARDED_AVAILABILITY = YES_AGGRESSIVE;
				CLANG_WARN_UNREACHABLE_CODE = YES;
				CLANG_WARN__DUPLICATE_METHOD_MATCH = YES;
				COPY_PHASE_STRIP = NO;
				DEBUG_INFORMATION_FORMAT = "dwarf-with-dsym";
				ENABLE_NS_ASSERTIONS = NO;
				ENABLE_STRICT_OBJC_MSGSEND = YES;
				GCC_C_LANGUAGE_STANDARD = gnu11;
				GCC_NO_COMMON_BLOCKS = YES;
				GCC_WARN_64_TO_32_BIT_CONVERSION = YES;
				GCC_WARN_ABOUT_RETURN_TYPE = YES_ERROR;
				GCC_WARN_UNDECLARED_SELECTOR = YES;
				GCC_WARN_UNINITIALIZED_AUTOS = YES_AGGRESSIVE;
				GCC_WARN_UNUSED_FUNCTION = YES;
				GCC_WARN_UNUSED_VARIABLE = YES;
				IPHONEOS_DEPLOYMENT_TARGET = 14.4;
				MTL_ENABLE_DEBUG_INFO = NO;
				MTL_FAST_MATH = YES;
				SDKROOT = iphoneos;
				SWIFT_COMPILATION_MODE = wholemodule;
				SWIFT_OPTIMIZATION_LEVEL = "-O";
				VALIDATE_PRODUCT = YES;
			};
			name = Release;
		};
		72F5B9D52655F85600144253 /* Debug */ = {
			isa = XCBuildConfiguration;
			baseConfigurationReference = 3AA0EDCEFC0B87A059A40BB1 /* Pods-Hu&Te.debug.xcconfig */;
			buildSettings = {
				ASSETCATALOG_COMPILER_APPICON_NAME = AppIcon;
				ASSETCATALOG_COMPILER_GLOBAL_ACCENT_COLOR_NAME = AccentColor;
				CODE_SIGN_STYLE = Automatic;
				DEVELOPMENT_TEAM = 6H2X5DQZH3;
				INFOPLIST_FILE = "Hu&Te/Info.plist";
				IPHONEOS_DEPLOYMENT_TARGET = 13.0;
				LD_RUNPATH_SEARCH_PATHS = (
					"$(inherited)",
					"@executable_path/Frameworks",
				);
				PRODUCT_BUNDLE_IDENTIFIER = "phongvo.Hu-Te";
				PRODUCT_NAME = "$(TARGET_NAME)";
				SWIFT_VERSION = 5.0;
				TARGETED_DEVICE_FAMILY = "1,2";
			};
			name = Debug;
		};
		72F5B9D62655F85600144253 /* Release */ = {
			isa = XCBuildConfiguration;
			baseConfigurationReference = D26DC471F5DF7326C780CA90 /* Pods-Hu&Te.release.xcconfig */;
			buildSettings = {
				ASSETCATALOG_COMPILER_APPICON_NAME = AppIcon;
				ASSETCATALOG_COMPILER_GLOBAL_ACCENT_COLOR_NAME = AccentColor;
				CODE_SIGN_STYLE = Automatic;
				DEVELOPMENT_TEAM = 6H2X5DQZH3;
				INFOPLIST_FILE = "Hu&Te/Info.plist";
				IPHONEOS_DEPLOYMENT_TARGET = 13.0;
				LD_RUNPATH_SEARCH_PATHS = (
					"$(inherited)",
					"@executable_path/Frameworks",
				);
				PRODUCT_BUNDLE_IDENTIFIER = "phongvo.Hu-Te";
				PRODUCT_NAME = "$(TARGET_NAME)";
				SWIFT_VERSION = 5.0;
				TARGETED_DEVICE_FAMILY = "1,2";
			};
			name = Release;
		};
/* End XCBuildConfiguration section */

/* Begin XCConfigurationList section */
		72F5B9B82655F85300144253 /* Build configuration list for PBXProject "Hu&Te" */ = {
			isa = XCConfigurationList;
			buildConfigurations = (
				72F5B9D22655F85600144253 /* Debug */,
				72F5B9D32655F85600144253 /* Release */,
			);
			defaultConfigurationIsVisible = 0;
			defaultConfigurationName = Release;
		};
		72F5B9D42655F85600144253 /* Build configuration list for PBXNativeTarget "Hu&Te" */ = {
			isa = XCConfigurationList;
			buildConfigurations = (
				72F5B9D52655F85600144253 /* Debug */,
				72F5B9D62655F85600144253 /* Release */,
			);
			defaultConfigurationIsVisible = 0;
			defaultConfigurationName = Release;
		};
/* End XCConfigurationList section */

/* Begin XCVersionGroup section */
		72F5B9C92655F85300144253 /* Hu_Te.xcdatamodeld */ = {
			isa = XCVersionGroup;
			children = (
				72F5B9CA2655F85300144253 /* Hu_Te.xcdatamodel */,
			);
			currentVersion = 72F5B9CA2655F85300144253 /* Hu_Te.xcdatamodel */;
			path = Hu_Te.xcdatamodeld;
			sourceTree = "<group>";
			versionGroupType = wrapper.xcdatamodel;
		};
/* End XCVersionGroup section */
	};
	rootObject = 72F5B9B52655F85300144253 /* Project object */;
}
